
Microsoft Visual Studio Solution File, Format Version 12.00
# Visual Studio Version 17
VisualStudioVersion = 17.2.32630.192
MinimumVisualStudioVersion = 10.0.40219.1
Project("{2150E333-8FDC-42A3-9474-1A3956D46DE8}") = "src", "src", "{E44C7B6B-C1E6-4818-AE22-DE3747317210}"
EndProject
Project("{2150E333-8FDC-42A3-9474-1A3956D46DE8}") = "Api", "Api", "{D20DE22A-0DDC-4C98-8307-031DD15CEF88}"
EndProject
Project("{2150E333-8FDC-42A3-9474-1A3956D46DE8}") = "BuildingBlocks", "BuildingBlocks", "{CC6C191C-81B9-4649-8B00-9F113BC34DF6}"
EndProject
Project("{2150E333-8FDC-42A3-9474-1A3956D46DE8}") = "Main", "Main", "{497912A1-06EA-4D59-AFCE-0D694F3B9760}"
EndProject
Project("{2150E333-8FDC-42A3-9474-1A3956D46DE8}") = "Modules", "Modules", "{10AD9493-53D6-49CC-8880-F50E14B82C64}"
EndProject
Project("{2150E333-8FDC-42A3-9474-1A3956D46DE8}") = "Utilities", "Utilities", "{F0E35A05-03BE-4105-A2DB-9A7340D959A4}"
EndProject
Project("{9A19103F-16F7-4668-BE54-9A1E7A4F7556}") = "GClaims.Api.Host", "GClaims.Api.Host\GClaims.Api.Host.csproj", "{32683C93-A079-4C08-BE3C-B1CF6E375BCD}"
EndProject
Project("{9A19103F-16F7-4668-BE54-9A1E7A4F7556}") = "GClaims.Api.Core", "GClaims.Api.Core\GClaims.Api.Core.csproj", "{357D9D94-E1CC-4B73-A0E5-8AFF169CAE4E}"
EndProject
Project("{9A19103F-16F7-4668-BE54-9A1E7A4F7556}") = "GClaims.BuildingBlocks.Core", "GClaims.BuildingBlocks.Core\GClaims.BuildingBlocks.Core.csproj", "{FD1E9CA5-A975-4CB8-8A01-9C87E1B4DB84}"
EndProject
Project("{9A19103F-16F7-4668-BE54-9A1E7A4F7556}") = "GClaims.BuildingBlocks.Application", "GClaims.BuildingBlocks.Application\GClaims.BuildingBlocks.Application.csproj", "{9898A31C-9022-4C1E-9977-5C96881133B0}"
EndProject
Project("{9A19103F-16F7-4668-BE54-9A1E7A4F7556}") = "GClaims.BuildingBlocks.Infrastructure", "GClaims.BuildingBlocks.Infrastructure\GClaims.BuildingBlocks.Infrastructure.csproj", "{760A5E19-EEEA-4D34-A044-1B63A34D7676}"
EndProject
Project("{9A19103F-16F7-4668-BE54-9A1E7A4F7556}") = "GClaims.Data", "GClaims.Data\GClaims.Data.csproj", "{3B77B682-9411-482B-9213-EAF6190A78EC}"
EndProject
Project("{9A19103F-16F7-4668-BE54-9A1E7A4F7556}") = "GClaims.Core", "GClaims.Core\GClaims.Core.csproj", "{54E33AD0-343F-4C0D-B56F-031A19D80FAD}"
EndProject
Project("{2150E333-8FDC-42A3-9474-1A3956D46DE8}") = "Marvel", "Marvel", "{91078B93-4221-4748-9BC3-120E0DB08C18}"
EndProject
Project("{9A19103F-16F7-4668-BE54-9A1E7A4F7556}") = "GClaims.Marvel.Core", "GClaims.Marvel.Core\GClaims.Marvel.Core.csproj", "{336CBEA9-072C-463B-8A33-0A09612595EE}"
EndProject
Project("{9A19103F-16F7-4668-BE54-9A1E7A4F7556}") = "GClaims.Marvel.Infrastructure", "GClaims.Marvel.Infrastructure\GClaims.Marvel.Infrastructure.csproj", "{27296CB9-E1A6-45E9-9A15-A2E3E631E58C}"
EndProject
Project("{9A19103F-16F7-4668-BE54-9A1E7A4F7556}") = "GClaims.Marvel.Application", "GClaims.Marvel.Application\GClaims.Marvel.Application.csproj", "{0BEA6526-44EF-421A-B2E4-806D83F5F6D3}"
EndProject
Project("{9A19103F-16F7-4668-BE54-9A1E7A4F7556}") = "GClaims.Marvel.Tests", "GClaims.Marvel.Tests\GClaims.Marvel.Tests.csproj", "{AF0D501D-CE2F-497A-92B1-F762C251FC2E}"
EndProject
Project("{9A19103F-16F7-4668-BE54-9A1E7A4F7556}") = "GClaims.Utilities.Core", "GClaims.Utilities.Core\GClaims.Utilities.Core.csproj", "{5C1371CA-485F-4D07-8A81-CA5CD588B88E}"
EndProject
Project("{9A19103F-16F7-4668-BE54-9A1E7A4F7556}") = "GClaims.Utilities.DataImport", "GClaims.Utilities.DataImport\GClaims.Utilities.DataImport.csproj", "{BB0414BD-CE39-4FD2-B4A7-B42AA4DF6351}"
EndProject
Project("{9A19103F-16F7-4668-BE54-9A1E7A4F7556}") = "GClaims.Utilities.Infrastructure", "GClaims.Utilities.Infrastructure\GClaims.Utilities.Infrastructure.csproj", "{68B36B52-6B4C-4AA2-8542-C6D10B89E9E9}"
EndProject
Project("{9A19103F-16F7-4668-BE54-9A1E7A4F7556}") = "GClaims.Tests", "GClaims.Tests\GClaims.Tests.csproj", "{30DD3428-BBD9-495A-BFAB-D06AD4E43275}"
EndProject
Project("{9A19103F-16F7-4668-BE54-9A1E7A4F7556}") = "GClaims.Domain", "GClaims.Domain\GClaims.Domain.csproj", "{04CBDE3A-5EBC-4CFB-99DE-F746B4AC99D4}"
EndProject
Project("{2150E333-8FDC-42A3-9474-1A3956D46DE8}") = "Jobs", "Jobs", "{457835B3-0703-46F8-9BF8-429FB42E10F6}"
EndProject
Project("{9A19103F-16F7-4668-BE54-9A1E7A4F7556}") = "GClaims.HangFire.Jobs", "GClaims.HangFire.Jobs\GClaims.HangFire.Jobs.csproj", "{CCB6BF55-DC28-450D-8880-5C17B544F850}"
EndProject
Project("{9A19103F-16F7-4668-BE54-9A1E7A4F7556}") = "GClaims.HangFire.Host", "GClaims.HangFire.Host\GClaims.HangFire.Host.csproj", "{42EA117B-25DD-47EB-82A3-EEE9BBBB87B8}"
EndProject
Project("{9A19103F-16F7-4668-BE54-9A1E7A4F7556}") = "GClaims.HangFire.Core", "GClaims.HangFire.Core\GClaims.HangFire.Core.csproj", "{2EE0DE70-1B70-4980-82F4-6FE291A9A3DF}"
EndProject
Project("{9A19103F-16F7-4668-BE54-9A1E7A4F7556}") = "GClaims.Events", "GClaims.Events\GClaims.Events.csproj", "{9569918A-3CE2-468E-BF67-ADDC35ED4752}"
EndProject
Project("{9A19103F-16F7-4668-BE54-9A1E7A4F7556}") = "GClaims.Marvel.AntiCorruption", "GClaimis.Marvel.AntiCorruption\GClaims.Marvel.AntiCorruption.csproj", "{B89325E2-BA88-457A-8777-676BDA3FD94F}"
EndProject
Project("{9A19103F-16F7-4668-BE54-9A1E7A4F7556}") = "GClaims.Marvel.Migrator", "GClaims.Marvel.Migrator\GClaims.Marvel.Migrator.csproj", "{2F24AB13-2897-419A-B7B3-5783EA557D51}"
EndProject
Project("{2150E333-8FDC-42A3-9474-1A3956D46DE8}") = "Solution Items", "Solution Items", "{DBC90E75-3E33-4DC8-9411-73D9CA2840E4}"
	ProjectSection(SolutionItems) = preProject
		.editorconfig = .editorconfig
	EndProjectSection
EndProject
Global
	GlobalSection(SolutionConfigurationPlatforms) = preSolution
		Debug|Any CPU = Debug|Any CPU
		Release|Any CPU = Release|Any CPU
	EndGlobalSection
	GlobalSection(ProjectConfigurationPlatforms) = postSolution
		{32683C93-A079-4C08-BE3C-B1CF6E375BCD}.Debug|Any CPU.ActiveCfg = Debug|Any CPU
		{32683C93-A079-4C08-BE3C-B1CF6E375BCD}.Debug|Any CPU.Build.0 = Debug|Any CPU
		{32683C93-A079-4C08-BE3C-B1CF6E375BCD}.Release|Any CPU.ActiveCfg = Release|Any CPU
		{32683C93-A079-4C08-BE3C-B1CF6E375BCD}.Release|Any CPU.Build.0 = Release|Any CPU
		{357D9D94-E1CC-4B73-A0E5-8AFF169CAE4E}.Debug|Any CPU.ActiveCfg = Debug|Any CPU
		{357D9D94-E1CC-4B73-A0E5-8AFF169CAE4E}.Debug|Any CPU.Build.0 = Debug|Any CPU
		{357D9D94-E1CC-4B73-A0E5-8AFF169CAE4E}.Release|Any CPU.ActiveCfg = Release|Any CPU
		{357D9D94-E1CC-4B73-A0E5-8AFF169CAE4E}.Release|Any CPU.Build.0 = Release|Any CPU
		{FD1E9CA5-A975-4CB8-8A01-9C87E1B4DB84}.Debug|Any CPU.ActiveCfg = Debug|Any CPU
		{FD1E9CA5-A975-4CB8-8A01-9C87E1B4DB84}.Debug|Any CPU.Build.0 = Debug|Any CPU
		{FD1E9CA5-A975-4CB8-8A01-9C87E1B4DB84}.Release|Any CPU.ActiveCfg = Release|Any CPU
		{FD1E9CA5-A975-4CB8-8A01-9C87E1B4DB84}.Release|Any CPU.Build.0 = Release|Any CPU
		{9898A31C-9022-4C1E-9977-5C96881133B0}.Debug|Any CPU.ActiveCfg = Debug|Any CPU
		{9898A31C-9022-4C1E-9977-5C96881133B0}.Debug|Any CPU.Build.0 = Debug|Any CPU
		{9898A31C-9022-4C1E-9977-5C96881133B0}.Release|Any CPU.ActiveCfg = Release|Any CPU
		{9898A31C-9022-4C1E-9977-5C96881133B0}.Release|Any CPU.Build.0 = Release|Any CPU
		{760A5E19-EEEA-4D34-A044-1B63A34D7676}.Debug|Any CPU.ActiveCfg = Debug|Any CPU
		{760A5E19-EEEA-4D34-A044-1B63A34D7676}.Debug|Any CPU.Build.0 = Debug|Any CPU
		{760A5E19-EEEA-4D34-A044-1B63A34D7676}.Release|Any CPU.ActiveCfg = Release|Any CPU
		{760A5E19-EEEA-4D34-A044-1B63A34D7676}.Release|Any CPU.Build.0 = Release|Any CPU
		{3B77B682-9411-482B-9213-EAF6190A78EC}.Debug|Any CPU.ActiveCfg = Debug|Any CPU
		{3B77B682-9411-482B-9213-EAF6190A78EC}.Debug|Any CPU.Build.0 = Debug|Any CPU
		{3B77B682-9411-482B-9213-EAF6190A78EC}.Release|Any CPU.ActiveCfg = Release|Any CPU
		{3B77B682-9411-482B-9213-EAF6190A78EC}.Release|Any CPU.Build.0 = Release|Any CPU
		{54E33AD0-343F-4C0D-B56F-031A19D80FAD}.Debug|Any CPU.ActiveCfg = Debug|Any CPU
		{54E33AD0-343F-4C0D-B56F-031A19D80FAD}.Debug|Any CPU.Build.0 = Debug|Any CPU
		{54E33AD0-343F-4C0D-B56F-031A19D80FAD}.Release|Any CPU.ActiveCfg = Release|Any CPU
		{54E33AD0-343F-4C0D-B56F-031A19D80FAD}.Release|Any CPU.Build.0 = Release|Any CPU
		{336CBEA9-072C-463B-8A33-0A09612595EE}.Debug|Any CPU.ActiveCfg = Debug|Any CPU
		{336CBEA9-072C-463B-8A33-0A09612595EE}.Debug|Any CPU.Build.0 = Debug|Any CPU
		{336CBEA9-072C-463B-8A33-0A09612595EE}.Release|Any CPU.ActiveCfg = Release|Any CPU
		{336CBEA9-072C-463B-8A33-0A09612595EE}.Release|Any CPU.Build.0 = Release|Any CPU
		{27296CB9-E1A6-45E9-9A15-A2E3E631E58C}.Debug|Any CPU.ActiveCfg = Debug|Any CPU
		{27296CB9-E1A6-45E9-9A15-A2E3E631E58C}.Debug|Any CPU.Build.0 = Debug|Any CPU
		{27296CB9-E1A6-45E9-9A15-A2E3E631E58C}.Release|Any CPU.ActiveCfg = Release|Any CPU
		{27296CB9-E1A6-45E9-9A15-A2E3E631E58C}.Release|Any CPU.Build.0 = Release|Any CPU
		{0BEA6526-44EF-421A-B2E4-806D83F5F6D3}.Debug|Any CPU.ActiveCfg = Debug|Any CPU
		{0BEA6526-44EF-421A-B2E4-806D83F5F6D3}.Debug|Any CPU.Build.0 = Debug|Any CPU
		{0BEA6526-44EF-421A-B2E4-806D83F5F6D3}.Release|Any CPU.ActiveCfg = Release|Any CPU
		{0BEA6526-44EF-421A-B2E4-806D83F5F6D3}.Release|Any CPU.Build.0 = Release|Any CPU
		{AF0D501D-CE2F-497A-92B1-F762C251FC2E}.Debug|Any CPU.ActiveCfg = Debug|Any CPU
		{AF0D501D-CE2F-497A-92B1-F762C251FC2E}.Debug|Any CPU.Build.0 = Debug|Any CPU
		{AF0D501D-CE2F-497A-92B1-F762C251FC2E}.Release|Any CPU.ActiveCfg = Release|Any CPU
		{AF0D501D-CE2F-497A-92B1-F762C251FC2E}.Release|Any CPU.Build.0 = Release|Any CPU
		{5C1371CA-485F-4D07-8A81-CA5CD588B88E}.Debug|Any CPU.ActiveCfg = Debug|Any CPU
		{5C1371CA-485F-4D07-8A81-CA5CD588B88E}.Debug|Any CPU.Build.0 = Debug|Any CPU
		{5C1371CA-485F-4D07-8A81-CA5CD588B88E}.Release|Any CPU.ActiveCfg = Release|Any CPU
		{5C1371CA-485F-4D07-8A81-CA5CD588B88E}.Release|Any CPU.Build.0 = Release|Any CPU
		{BB0414BD-CE39-4FD2-B4A7-B42AA4DF6351}.Debug|Any CPU.ActiveCfg = Debug|Any CPU
		{BB0414BD-CE39-4FD2-B4A7-B42AA4DF6351}.Debug|Any CPU.Build.0 = Debug|Any CPU
		{BB0414BD-CE39-4FD2-B4A7-B42AA4DF6351}.Release|Any CPU.ActiveCfg = Release|Any CPU
		{BB0414BD-CE39-4FD2-B4A7-B42AA4DF6351}.Release|Any CPU.Build.0 = Release|Any CPU
		{68B36B52-6B4C-4AA2-8542-C6D10B89E9E9}.Debug|Any CPU.ActiveCfg = Debug|Any CPU
		{68B36B52-6B4C-4AA2-8542-C6D10B89E9E9}.Debug|Any CPU.Build.0 = Debug|Any CPU
		{68B36B52-6B4C-4AA2-8542-C6D10B89E9E9}.Release|Any CPU.ActiveCfg = Release|Any CPU
		{68B36B52-6B4C-4AA2-8542-C6D10B89E9E9}.Release|Any CPU.Build.0 = Release|Any CPU
		{30DD3428-BBD9-495A-BFAB-D06AD4E43275}.Debug|Any CPU.ActiveCfg = Debug|Any CPU
		{30DD3428-BBD9-495A-BFAB-D06AD4E43275}.Debug|Any CPU.Build.0 = Debug|Any CPU
		{30DD3428-BBD9-495A-BFAB-D06AD4E43275}.Release|Any CPU.ActiveCfg = Release|Any CPU
		{30DD3428-BBD9-495A-BFAB-D06AD4E43275}.Release|Any CPU.Build.0 = Release|Any CPU
		{04CBDE3A-5EBC-4CFB-99DE-F746B4AC99D4}.Debug|Any CPU.ActiveCfg = Debug|Any CPU
		{04CBDE3A-5EBC-4CFB-99DE-F746B4AC99D4}.Debug|Any CPU.Build.0 = Debug|Any CPU
		{04CBDE3A-5EBC-4CFB-99DE-F746B4AC99D4}.Release|Any CPU.ActiveCfg = Release|Any CPU
		{04CBDE3A-5EBC-4CFB-99DE-F746B4AC99D4}.Release|Any CPU.Build.0 = Release|Any CPU
		{CCB6BF55-DC28-450D-8880-5C17B544F850}.Debug|Any CPU.ActiveCfg = Debug|Any CPU
		{CCB6BF55-DC28-450D-8880-5C17B544F850}.Debug|Any CPU.Build.0 = Debug|Any CPU
		{CCB6BF55-DC28-450D-8880-5C17B544F850}.Release|Any CPU.ActiveCfg = Release|Any CPU
		{CCB6BF55-DC28-450D-8880-5C17B544F850}.Release|Any CPU.Build.0 = Release|Any CPU
		{42EA117B-25DD-47EB-82A3-EEE9BBBB87B8}.Debug|Any CPU.ActiveCfg = Debug|Any CPU
		{42EA117B-25DD-47EB-82A3-EEE9BBBB87B8}.Debug|Any CPU.Build.0 = Debug|Any CPU
		{42EA117B-25DD-47EB-82A3-EEE9BBBB87B8}.Release|Any CPU.ActiveCfg = Release|Any CPU
		{42EA117B-25DD-47EB-82A3-EEE9BBBB87B8}.Release|Any CPU.Build.0 = Release|Any CPU
		{2EE0DE70-1B70-4980-82F4-6FE291A9A3DF}.Debug|Any CPU.ActiveCfg = Debug|Any CPU
		{2EE0DE70-1B70-4980-82F4-6FE291A9A3DF}.Debug|Any CPU.Build.0 = Debug|Any CPU
		{2EE0DE70-1B70-4980-82F4-6FE291A9A3DF}.Release|Any CPU.ActiveCfg = Release|Any CPU
		{2EE0DE70-1B70-4980-82F4-6FE291A9A3DF}.Release|Any CPU.Build.0 = Release|Any CPU
		{9569918A-3CE2-468E-BF67-ADDC35ED4752}.Debug|Any CPU.ActiveCfg = Debug|Any CPU
		{9569918A-3CE2-468E-BF67-ADDC35ED4752}.Debug|Any CPU.Build.0 = Debug|Any CPU
		{9569918A-3CE2-468E-BF67-ADDC35ED4752}.Release|Any CPU.ActiveCfg = Release|Any CPU
		{9569918A-3CE2-468E-BF67-ADDC35ED4752}.Release|Any CPU.Build.0 = Release|Any CPU
		{B89325E2-BA88-457A-8777-676BDA3FD94F}.Debug|Any CPU.ActiveCfg = Debug|Any CPU
		{B89325E2-BA88-457A-8777-676BDA3FD94F}.Debug|Any CPU.Build.0 = Debug|Any CPU
		{B89325E2-BA88-457A-8777-676BDA3FD94F}.Release|Any CPU.ActiveCfg = Release|Any CPU
		{B89325E2-BA88-457A-8777-676BDA3FD94F}.Release|Any CPU.Build.0 = Release|Any CPU
		{2F24AB13-2897-419A-B7B3-5783EA557D51}.Debug|Any CPU.ActiveCfg = Debug|Any CPU
		{2F24AB13-2897-419A-B7B3-5783EA557D51}.Debug|Any CPU.Build.0 = Debug|Any CPU
		{2F24AB13-2897-419A-B7B3-5783EA557D51}.Release|Any CPU.ActiveCfg = Release|Any CPU
		{2F24AB13-2897-419A-B7B3-5783EA557D51}.Release|Any CPU.Build.0 = Release|Any CPU
	EndGlobalSection
	GlobalSection(SolutionProperties) = preSolution
		HideSolutionNode = FALSE
	EndGlobalSection
	GlobalSection(NestedProjects) = preSolution
		{D20DE22A-0DDC-4C98-8307-031DD15CEF88} = {E44C7B6B-C1E6-4818-AE22-DE3747317210}
		{CC6C191C-81B9-4649-8B00-9F113BC34DF6} = {E44C7B6B-C1E6-4818-AE22-DE3747317210}
		{497912A1-06EA-4D59-AFCE-0D694F3B9760} = {E44C7B6B-C1E6-4818-AE22-DE3747317210}
		{10AD9493-53D6-49CC-8880-F50E14B82C64} = {E44C7B6B-C1E6-4818-AE22-DE3747317210}
		{F0E35A05-03BE-4105-A2DB-9A7340D959A4} = {E44C7B6B-C1E6-4818-AE22-DE3747317210}
		{32683C93-A079-4C08-BE3C-B1CF6E375BCD} = {D20DE22A-0DDC-4C98-8307-031DD15CEF88}
		{357D9D94-E1CC-4B73-A0E5-8AFF169CAE4E} = {D20DE22A-0DDC-4C98-8307-031DD15CEF88}
		{FD1E9CA5-A975-4CB8-8A01-9C87E1B4DB84} = {CC6C191C-81B9-4649-8B00-9F113BC34DF6}
		{9898A31C-9022-4C1E-9977-5C96881133B0} = {CC6C191C-81B9-4649-8B00-9F113BC34DF6}
		{760A5E19-EEEA-4D34-A044-1B63A34D7676} = {CC6C191C-81B9-4649-8B00-9F113BC34DF6}
		{3B77B682-9411-482B-9213-EAF6190A78EC} = {497912A1-06EA-4D59-AFCE-0D694F3B9760}
		{54E33AD0-343F-4C0D-B56F-031A19D80FAD} = {497912A1-06EA-4D59-AFCE-0D694F3B9760}
		{91078B93-4221-4748-9BC3-120E0DB08C18} = {10AD9493-53D6-49CC-8880-F50E14B82C64}
		{336CBEA9-072C-463B-8A33-0A09612595EE} = {91078B93-4221-4748-9BC3-120E0DB08C18}
		{27296CB9-E1A6-45E9-9A15-A2E3E631E58C} = {91078B93-4221-4748-9BC3-120E0DB08C18}
		{0BEA6526-44EF-421A-B2E4-806D83F5F6D3} = {91078B93-4221-4748-9BC3-120E0DB08C18}
		{AF0D501D-CE2F-497A-92B1-F762C251FC2E} = {91078B93-4221-4748-9BC3-120E0DB08C18}
		{5C1371CA-485F-4D07-8A81-CA5CD588B88E} = {F0E35A05-03BE-4105-A2DB-9A7340D959A4}
		{BB0414BD-CE39-4FD2-B4A7-B42AA4DF6351} = {F0E35A05-03BE-4105-A2DB-9A7340D959A4}
		{68B36B52-6B4C-4AA2-8542-C6D10B89E9E9} = {F0E35A05-03BE-4105-A2DB-9A7340D959A4}
		{30DD3428-BBD9-495A-BFAB-D06AD4E43275} = {497912A1-06EA-4D59-AFCE-0D694F3B9760}
		{04CBDE3A-5EBC-4CFB-99DE-F746B4AC99D4} = {497912A1-06EA-4D59-AFCE-0D694F3B9760}
		{457835B3-0703-46F8-9BF8-429FB42E10F6} = {10AD9493-53D6-49CC-8880-F50E14B82C64}
		{CCB6BF55-DC28-450D-8880-5C17B544F850} = {457835B3-0703-46F8-9BF8-429FB42E10F6}
		{42EA117B-25DD-47EB-82A3-EEE9BBBB87B8} = {457835B3-0703-46F8-9BF8-429FB42E10F6}
		{2EE0DE70-1B70-4980-82F4-6FE291A9A3DF} = {457835B3-0703-46F8-9BF8-429FB42E10F6}
		{9569918A-3CE2-468E-BF67-ADDC35ED4752} = {497912A1-06EA-4D59-AFCE-0D694F3B9760}
		{B89325E2-BA88-457A-8777-676BDA3FD94F} = {91078B93-4221-4748-9BC3-120E0DB08C18}
		{2F24AB13-2897-419A-B7B3-5783EA557D51} = {91078B93-4221-4748-9BC3-120E0DB08C18}
	EndGlobalSection
	GlobalSection(ExtensibilityGlobals) = postSolution
		SolutionGuid = {AF18EE98-A3D0-4909-8E34-DC1B83D39DC7}
	EndGlobalSection
EndGlobal
